
Microsoft Visual Studio Solution File, Format Version 12.00
# Visual Studio Version 16
VisualStudioVersion = 16.0.31729.503
MinimumVisualStudioVersion = 10.0.40219.1
Project("{8BC9CEB8-8B4A-11D0-8D11-00A0C91BC942}") = "BasicCompiler", "BasicCompiler.vcxproj", "{38C1C81D-C494-4CAD-A219-5CAD96142A7C}"
EndProject
Project("{8BC9CEB8-8B4A-11D0-8D11-00A0C91BC942}") = "testrunner", "testrunner\testrunner.vcxproj", "{1E49D0D5-3801-40BF-B391-D4C5752040B8}"
EndProject
Global
	GlobalSection(SolutionConfigurationPlatforms) = preSolution
		Debug|x64 = Debug|x64
		Debug|x86 = Debug|x86
		Release|x64 = Release|x64
		Release|x86 = Release|x86
	EndGlobalSection
	GlobalSection(ProjectConfigurationPlatforms) = postSolution
		{38C1C81D-C494-4CAD-A219-5CAD96142A7C}.Debug|x64.ActiveCfg = Debug|x64
		{38C1C81D-C494-4CAD-A219-5CAD96142A7C}.Debug|x64.Build.0 = Debug|x64
		{38C1C81D-C494-4CAD-A219-5CAD96142A7C}.Debug|x86.ActiveCfg = Debug|Win32
		{38C1C81D-C494-4CAD-A219-5CAD96142A7C}.Debug|x86.Build.0 = Debug|Win32
		{38C1C81D-C494-4CAD-A219-5CAD96142A7C}.Release|x64.ActiveCfg = Release|x64
		{38C1C81D-C494-4CAD-A219-5CAD96142A7C}.Release|x64.Build.0 = Release|x64
		{38C1C81D-C494-4CAD-A219-5CAD96142A7C}.Release|x86.ActiveCfg = Release|Win32
		{38C1C81D-C494-4CAD-A219-5CAD96142A7C}.Release|x86.Build.0 = Release|Win32
		{1E49D0D5-3801-40BF-B391-D4C5752040B8}.Debug|x64.ActiveCfg = Debug|x64
		{1E49D0D5-3801-40BF-B391-D4C5752040B8}.Debug|x64.Build.0 = Debug|x64
		{1E49D0D5-3801-40BF-B391-D4C5752040B8}.Debug|x86.ActiveCfg = Debug|Win32
		{1E49D0D5-3801-40BF-B391-D4C5752040B8}.Debug|x86.Build.0 = Debug|Win32
		{1E49D0D5-3801-40BF-B391-D4C5752040B8}.Release|x64.ActiveCfg = Release|x64
		{1E49D0D5-3801-40BF-B391-D4C5752040B8}.Release|x64.Build.0 = Release|x64
		{1E49D0D5-3801-40BF-B391-D4C5752040B8}.Release|x86.ActiveCfg = Release|Win32
		{1E49D0D5-3801-40BF-B391-D4C5752040B8}.Release|x86.Build.0 = Release|Win32
	EndGlobalSection
	GlobalSection(SolutionProperties) = preSolution
		HideSolutionNode = FALSE
	EndGlobalSection
	GlobalSection(ExtensibilityGlobals) = postSolution
		SolutionGuid = {CAA99366-102F-403A-A98F-405BB95F07F9}
	EndGlobalSection
EndGlobal
